%{
  "cmark": {:hex, :cmark, "0.5.7"},
  "dialyxir": {:hex, :dialyxir, "0.3.5", "eaba092549e044c76f83165978979f60110dc58dd5b92fd952bf2312f64e9b14", [:mix], [], "hexpm", "61e0fb45140079a2d40b4db617b3431dc9bb29dca7e5039d271eeaca733ed0c3"},
  "earmark": {:hex, :earmark, "0.2.0", "bc1636bc2efa0c1c172a5bcbf7c8eb73632d8c4512a6c2dac02d2ae454750af6", [:mix], [], "hexpm", "c41090d8da1eab901250104081ec24cd9aa9282199021b89d7a99e16a2fa6548"},
  "ex_doc": {:hex, :ex_doc, "0.11.2", "8ac82c6144a27faca6a623eeebfbf5a791bc20a54ce29a9c02e499536d253d9b", [:mix], [{:earmark, "~> 0.1.17 or ~> 0.2", [hex: :earmark, repo: "hexpm", optional: true]}], "hexpm", "8f5f0fc9690b9390d82341ba28b8cc93330b03f3ca39e8aa803912c5ed8795f8"},
}
